
Microsoft Visual Studio Solution File, Format Version 12.00
# Visual Studio Version 17
VisualStudioVersion = 17.14.36310.24
MinimumVisualStudioVersion = 10.0.40219.1
Project("{FAE04EC0-301F-11D3-BF4B-00C04F79EFBC}") = "arena.bep", "arena.bep\arena.bep.csproj", "{93996562-A998-6A39-0E12-23195C90578C}"
EndProject
Project("{FAE04EC0-301F-11D3-BF4B-00C04F79EFBC}") = "arena.shared", "arena.shared\arena.shared.csproj", "{792DACF7-6D31-10A2-431B-1A79BA852FA2}"
EndProject
Project("{FAE04EC0-301F-11D3-BF4B-00C04F79EFBC}") = "arena.ui", "arena.ui\arena.ui.csproj", "{B74F5465-EA5C-59D2-3DA5-ADFB641F2B08}"
EndProject
Project("{FAE04EC0-301F-11D3-BF4B-00C04F79EFBC}") = "tracer", "Tracer\tracer.csproj", "{E65527C3-98C5-0595-EEC8-6D3B95E8056A}"
EndProject
Project("{FAE04EC0-301F-11D3-BF4B-00C04F79EFBC}") = "SteamAudioUnity", "SteamAudioUnity\SteamAudioUnity.csproj", "{F2614763-D1AE-332B-D239-2C11361148E4}"
EndProject
Global
	GlobalSection(SolutionConfigurationPlatforms) = preSolution
		Debug|Any CPU = Debug|Any CPU
		Release|Any CPU = Release|Any CPU
	EndGlobalSection
	GlobalSection(ProjectConfigurationPlatforms) = postSolution
		{93996562-A998-6A39-0E12-23195C90578C}.Debug|Any CPU.ActiveCfg = Debug|Any CPU
		{93996562-A998-6A39-0E12-23195C90578C}.Debug|Any CPU.Build.0 = Debug|Any CPU
		{93996562-A998-6A39-0E12-23195C90578C}.Release|Any CPU.ActiveCfg = Release|Any CPU
		{93996562-A998-6A39-0E12-23195C90578C}.Release|Any CPU.Build.0 = Release|Any CPU
		{792DACF7-6D31-10A2-431B-1A79BA852FA2}.Debug|Any CPU.ActiveCfg = Debug|Any CPU
		{792DACF7-6D31-10A2-431B-1A79BA852FA2}.Debug|Any CPU.Build.0 = Debug|Any CPU
		{792DACF7-6D31-10A2-431B-1A79BA852FA2}.Release|Any CPU.ActiveCfg = Release|Any CPU
		{792DACF7-6D31-10A2-431B-1A79BA852FA2}.Release|Any CPU.Build.0 = Release|Any CPU
		{B74F5465-EA5C-59D2-3DA5-ADFB641F2B08}.Debug|Any CPU.ActiveCfg = Debug|Any CPU
		{B74F5465-EA5C-59D2-3DA5-ADFB641F2B08}.Debug|Any CPU.Build.0 = Debug|Any CPU
		{B74F5465-EA5C-59D2-3DA5-ADFB641F2B08}.Release|Any CPU.ActiveCfg = Release|Any CPU
		{B74F5465-EA5C-59D2-3DA5-ADFB641F2B08}.Release|Any CPU.Build.0 = Release|Any CPU
		{E65527C3-98C5-0595-EEC8-6D3B95E8056A}.Debug|Any CPU.ActiveCfg = Debug|Any CPU
		{E65527C3-98C5-0595-EEC8-6D3B95E8056A}.Debug|Any CPU.Build.0 = Debug|Any CPU
		{E65527C3-98C5-0595-EEC8-6D3B95E8056A}.Release|Any CPU.ActiveCfg = Release|Any CPU
		{E65527C3-98C5-0595-EEC8-6D3B95E8056A}.Release|Any CPU.Build.0 = Release|Any CPU
		{F2614763-D1AE-332B-D239-2C11361148E4}.Debug|Any CPU.ActiveCfg = Debug|Any CPU
		{F2614763-D1AE-332B-D239-2C11361148E4}.Debug|Any CPU.Build.0 = Debug|Any CPU
		{F2614763-D1AE-332B-D239-2C11361148E4}.Release|Any CPU.ActiveCfg = Release|Any CPU
		{F2614763-D1AE-332B-D239-2C11361148E4}.Release|Any CPU.Build.0 = Release|Any CPU
	EndGlobalSection
	GlobalSection(SolutionProperties) = preSolution
		HideSolutionNode = FALSE
	EndGlobalSection
	GlobalSection(ExtensibilityGlobals) = postSolution
		SolutionGuid = {4ECB0728-9099-4517-81C7-F41014F54A41}
	EndGlobalSection
EndGlobal
